// !$*UTF8*$!
{
	archiveVersion = 1;
	classes = {
	};
	objectVersion = 56;
	objects = {

/* Begin PBXBuildFile section */
		8809D55F2AD06F6F00A2B5B4 /* CornerRoundingHelper.swift in Sources */ = {isa = PBXBuildFile; fileRef = 8809D55E2AD06F6F00A2B5B4 /* CornerRoundingHelper.swift */; };
		8815E09F2AC07EA2003E2EAE /* AppColors.swift in Sources */ = {isa = PBXBuildFile; fileRef = 8815E09E2AC07EA2003E2EAE /* AppColors.swift */; };
		881FDA1C2AD1B94D00363234 /* UserManagementHeaderView.swift in Sources */ = {isa = PBXBuildFile; fileRef = 881FDA1B2AD1B94D00363234 /* UserManagementHeaderView.swift */; };
		881FDA1E2AD1B96200363234 /* UserDataView.swift in Sources */ = {isa = PBXBuildFile; fileRef = 881FDA1D2AD1B96200363234 /* UserDataView.swift */; };
		881FDA202AD1B97600363234 /* AppSettingsView.swift in Sources */ = {isa = PBXBuildFile; fileRef = 881FDA1F2AD1B97600363234 /* AppSettingsView.swift */; };
		881FDA222AD1B98800363234 /* SignOutView.swift in Sources */ = {isa = PBXBuildFile; fileRef = 881FDA212AD1B98800363234 /* SignOutView.swift */; };
		881FDA242AD1B99500363234 /* EditSheetView.swift in Sources */ = {isa = PBXBuildFile; fileRef = 881FDA232AD1B99500363234 /* EditSheetView.swift */; };
		88269DF92AE55F130050345E /* ResetPasswordViewModel.swift in Sources */ = {isa = PBXBuildFile; fileRef = 88269DF82AE55F130050345E /* ResetPasswordViewModel.swift */; };
		88269DFB2AE578210050345E /* ResendVerificationViewModel.swift in Sources */ = {isa = PBXBuildFile; fileRef = 88269DFA2AE578210050345E /* ResendVerificationViewModel.swift */; };
		882F15B82AD5D949008D6319 /* SplashScreenView.swift in Sources */ = {isa = PBXBuildFile; fileRef = 882F15B72AD5D949008D6319 /* SplashScreenView.swift */; };
		883145952AB4DAAC00F6A15B /* UserManagementView.swift in Sources */ = {isa = PBXBuildFile; fileRef = 883145942AB4DAAC00F6A15B /* UserManagementView.swift */; };
		883145992AB4E56900F6A15B /* ContentAfterLoggedInView.swift in Sources */ = {isa = PBXBuildFile; fileRef = 883145982AB4E56900F6A15B /* ContentAfterLoggedInView.swift */; };
		8832A4042AAC9E0000FC348C /* BottomNavigationView.swift in Sources */ = {isa = PBXBuildFile; fileRef = 8832A4032AAC9E0000FC348C /* BottomNavigationView.swift */; };
		8833EA942AD2BCCB003064AD /* UserManagementViewModel.swift in Sources */ = {isa = PBXBuildFile; fileRef = 8833EA932AD2BCCB003064AD /* UserManagementViewModel.swift */; };
		885B254D2A910838007D3A54 /* TrashifyApp.swift in Sources */ = {isa = PBXBuildFile; fileRef = 885B254C2A910838007D3A54 /* TrashifyApp.swift */; };
		885B254F2A910838007D3A54 /* ContentView.swift in Sources */ = {isa = PBXBuildFile; fileRef = 885B254E2A910838007D3A54 /* ContentView.swift */; };
		885B25512A910838007D3A54 /* Assets.xcassets in Resources */ = {isa = PBXBuildFile; fileRef = 885B25502A910838007D3A54 /* Assets.xcassets */; };
		885B25542A910838007D3A54 /* Preview Assets.xcassets in Resources */ = {isa = PBXBuildFile; fileRef = 885B25532A910838007D3A54 /* Preview Assets.xcassets */; };
		885B25622A910C21007D3A54 /* LoginView.swift in Sources */ = {isa = PBXBuildFile; fileRef = 885B25612A910C21007D3A54 /* LoginView.swift */; };
		885B25662A910D44007D3A54 /* LoginViewModel.swift in Sources */ = {isa = PBXBuildFile; fileRef = 885B25652A910D44007D3A54 /* LoginViewModel.swift */; };
		885B25692A9110F9007D3A54 /* KeychainHelper.swift in Sources */ = {isa = PBXBuildFile; fileRef = 885B25682A9110F9007D3A54 /* KeychainHelper.swift */; };
		885B256B2A911133007D3A54 /* AuthenticationService.swift in Sources */ = {isa = PBXBuildFile; fileRef = 885B256A2A911133007D3A54 /* AuthenticationService.swift */; };
		885B256D2A911C58007D3A54 /* RegisterViewModel.swift in Sources */ = {isa = PBXBuildFile; fileRef = 885B256C2A911C58007D3A54 /* RegisterViewModel.swift */; };
		885B256F2A911C84007D3A54 /* RegisterView.swift in Sources */ = {isa = PBXBuildFile; fileRef = 885B256E2A911C84007D3A54 /* RegisterView.swift */; };
		885B25752A912960007D3A54 /* WelcomeScreenView.swift in Sources */ = {isa = PBXBuildFile; fileRef = 885B25742A912960007D3A54 /* WelcomeScreenView.swift */; };
		8864A2592AB5CDE300E9F559 /* LocationSearchActivationView.swift in Sources */ = {isa = PBXBuildFile; fileRef = 8864A2582AB5CDE300E9F559 /* LocationSearchActivationView.swift */; };
		8864A25B2AB5CDFF00E9F559 /* LocationSearchResultCell.swift in Sources */ = {isa = PBXBuildFile; fileRef = 8864A25A2AB5CDFF00E9F559 /* LocationSearchResultCell.swift */; };
		8864A25D2AB5CE1300E9F559 /* LocationSearchView.swift in Sources */ = {isa = PBXBuildFile; fileRef = 8864A25C2AB5CE1300E9F559 /* LocationSearchView.swift */; };
		8864A25F2AB5CE2800E9F559 /* LocationSearchViewActionButton.swift in Sources */ = {isa = PBXBuildFile; fileRef = 8864A25E2AB5CE2800E9F559 /* LocationSearchViewActionButton.swift */; };
		8864A2622AB5CEE800E9F559 /* LocationManager.swift in Sources */ = {isa = PBXBuildFile; fileRef = 8864A2612AB5CEE800E9F559 /* LocationManager.swift */; };
		886971842AE5792A009173EB /* ResendVerificationView.swift in Sources */ = {isa = PBXBuildFile; fileRef = 886971832AE5792A009173EB /* ResendVerificationView.swift */; };
		88755D9A2AD5A9F700D43C85 /* DarkModeManager.swift in Sources */ = {isa = PBXBuildFile; fileRef = 88755D992AD5A9F700D43C85 /* DarkModeManager.swift */; };
		888131592ADC059100980E34 /* ImagePicker.swift in Sources */ = {isa = PBXBuildFile; fileRef = 888131582ADC059100980E34 /* ImagePicker.swift */; };
		8883659F2AACB23000B835C5 /* HomeView.swift in Sources */ = {isa = PBXBuildFile; fileRef = 8883659E2AACB23000B835C5 /* HomeView.swift */; };
		88A713C42AE540EF00603DA5 /* ResetPasswordView.swift in Sources */ = {isa = PBXBuildFile; fileRef = 88A713C32AE540EF00603DA5 /* ResetPasswordView.swift */; };
		88E269202AB5C01C00EDA486 /* MapViewRepresentable.swift in Sources */ = {isa = PBXBuildFile; fileRef = 88E2691F2AB5C01C00EDA486 /* MapViewRepresentable.swift */; };
		88E269262AB5CC2A00EDA486 /* LocationSearchViewModel.swift in Sources */ = {isa = PBXBuildFile; fileRef = 88E269252AB5CC2A00EDA486 /* LocationSearchViewModel.swift */; };
		E037849F2AE844CD00A49BB7 /* ImageClassificationService.swift in Sources */ = {isa = PBXBuildFile; fileRef = E037849E2AE844CD00A49BB7 /* ImageClassificationService.swift */; };
		E04736012AF6E5D900EF364F /* TrashTagsViewModel.swift in Sources */ = {isa = PBXBuildFile; fileRef = E04736002AF6E5D900EF364F /* TrashTagsViewModel.swift */; };
		E04736032AF6E8B300EF364F /* TrashService.swift in Sources */ = {isa = PBXBuildFile; fileRef = E04736022AF6E8B300EF364F /* TrashService.swift */; };
		E089D8BC2AEAC99400DE9748 /* TrashWizardViewModel.swift in Sources */ = {isa = PBXBuildFile; fileRef = E089D8BB2AEAC99400DE9748 /* TrashWizardViewModel.swift */; };
		E089D8BE2AEAC9A700DE9748 /* TrashWizardView.swift in Sources */ = {isa = PBXBuildFile; fileRef = E089D8BD2AEAC9A700DE9748 /* TrashWizardView.swift */; };
		E089D8C12AEAE55500DE9748 /* TrashClassifier.swift in Sources */ = {isa = PBXBuildFile; fileRef = E089D8C02AEAE55500DE9748 /* TrashClassifier.swift */; };
		E0D0B8CA2B24E668003497FA /* TrashImageClassificationModel.mlmodel in Sources */ = {isa = PBXBuildFile; fileRef = E0D0B8C92B24E668003497FA /* TrashImageClassificationModel.mlmodel */; };
		E0D0B8CC2B24E95A003497FA /* TrashImageClassificationModel.mlpackage in Sources */ = {isa = PBXBuildFile; fileRef = E0D0B8CB2B24E959003497FA /* TrashImageClassificationModel.mlpackage */; };
/* End PBXBuildFile section */

/* Begin PBXFileReference section */
		8809D55E2AD06F6F00A2B5B4 /* CornerRoundingHelper.swift */ = {isa = PBXFileReference; lastKnownFileType = sourcecode.swift; path = CornerRoundingHelper.swift; sourceTree = "<group>"; };
		8815E09E2AC07EA2003E2EAE /* AppColors.swift */ = {isa = PBXFileReference; lastKnownFileType = sourcecode.swift; path = AppColors.swift; sourceTree = "<group>"; };
		881FDA1B2AD1B94D00363234 /* UserManagementHeaderView.swift */ = {isa = PBXFileReference; lastKnownFileType = sourcecode.swift; path = UserManagementHeaderView.swift; sourceTree = "<group>"; };
		881FDA1D2AD1B96200363234 /* UserDataView.swift */ = {isa = PBXFileReference; lastKnownFileType = sourcecode.swift; path = UserDataView.swift; sourceTree = "<group>"; };
		881FDA1F2AD1B97600363234 /* AppSettingsView.swift */ = {isa = PBXFileReference; lastKnownFileType = sourcecode.swift; path = AppSettingsView.swift; sourceTree = "<group>"; };
		881FDA212AD1B98800363234 /* SignOutView.swift */ = {isa = PBXFileReference; lastKnownFileType = sourcecode.swift; path = SignOutView.swift; sourceTree = "<group>"; };
		881FDA232AD1B99500363234 /* EditSheetView.swift */ = {isa = PBXFileReference; lastKnownFileType = sourcecode.swift; path = EditSheetView.swift; sourceTree = "<group>"; };
		88269DF82AE55F130050345E /* ResetPasswordViewModel.swift */ = {isa = PBXFileReference; lastKnownFileType = sourcecode.swift; path = ResetPasswordViewModel.swift; sourceTree = "<group>"; };
		88269DFA2AE578210050345E /* ResendVerificationViewModel.swift */ = {isa = PBXFileReference; lastKnownFileType = sourcecode.swift; path = ResendVerificationViewModel.swift; sourceTree = "<group>"; };
		882F15B72AD5D949008D6319 /* SplashScreenView.swift */ = {isa = PBXFileReference; lastKnownFileType = sourcecode.swift; path = SplashScreenView.swift; sourceTree = "<group>"; };
		883145942AB4DAAC00F6A15B /* UserManagementView.swift */ = {isa = PBXFileReference; lastKnownFileType = sourcecode.swift; path = UserManagementView.swift; sourceTree = "<group>"; };
		883145982AB4E56900F6A15B /* ContentAfterLoggedInView.swift */ = {isa = PBXFileReference; lastKnownFileType = sourcecode.swift; path = ContentAfterLoggedInView.swift; sourceTree = "<group>"; };
		8832A4032AAC9E0000FC348C /* BottomNavigationView.swift */ = {isa = PBXFileReference; lastKnownFileType = sourcecode.swift; path = BottomNavigationView.swift; sourceTree = "<group>"; };
		8833EA932AD2BCCB003064AD /* UserManagementViewModel.swift */ = {isa = PBXFileReference; lastKnownFileType = sourcecode.swift; path = UserManagementViewModel.swift; sourceTree = "<group>"; };
		885B25492A910838007D3A54 /* Trashify.app */ = {isa = PBXFileReference; explicitFileType = wrapper.application; includeInIndex = 0; path = Trashify.app; sourceTree = BUILT_PRODUCTS_DIR; };
		885B254C2A910838007D3A54 /* TrashifyApp.swift */ = {isa = PBXFileReference; lastKnownFileType = sourcecode.swift; path = TrashifyApp.swift; sourceTree = "<group>"; };
		885B254E2A910838007D3A54 /* ContentView.swift */ = {isa = PBXFileReference; lastKnownFileType = sourcecode.swift; path = ContentView.swift; sourceTree = "<group>"; };
		885B25502A910838007D3A54 /* Assets.xcassets */ = {isa = PBXFileReference; lastKnownFileType = folder.assetcatalog; path = Assets.xcassets; sourceTree = "<group>"; };
		885B25532A910838007D3A54 /* Preview Assets.xcassets */ = {isa = PBXFileReference; lastKnownFileType = folder.assetcatalog; path = "Preview Assets.xcassets"; sourceTree = "<group>"; };
		885B25612A910C21007D3A54 /* LoginView.swift */ = {isa = PBXFileReference; lastKnownFileType = sourcecode.swift; path = LoginView.swift; sourceTree = "<group>"; };
		885B25652A910D44007D3A54 /* LoginViewModel.swift */ = {isa = PBXFileReference; lastKnownFileType = sourcecode.swift; path = LoginViewModel.swift; sourceTree = "<group>"; };
		885B25682A9110F9007D3A54 /* KeychainHelper.swift */ = {isa = PBXFileReference; lastKnownFileType = sourcecode.swift; path = KeychainHelper.swift; sourceTree = "<group>"; };
		885B256A2A911133007D3A54 /* AuthenticationService.swift */ = {isa = PBXFileReference; lastKnownFileType = sourcecode.swift; path = AuthenticationService.swift; sourceTree = "<group>"; };
		885B256C2A911C58007D3A54 /* RegisterViewModel.swift */ = {isa = PBXFileReference; lastKnownFileType = sourcecode.swift; path = RegisterViewModel.swift; sourceTree = "<group>"; };
		885B256E2A911C84007D3A54 /* RegisterView.swift */ = {isa = PBXFileReference; lastKnownFileType = sourcecode.swift; path = RegisterView.swift; sourceTree = "<group>"; };
		885B25742A912960007D3A54 /* WelcomeScreenView.swift */ = {isa = PBXFileReference; lastKnownFileType = sourcecode.swift; path = WelcomeScreenView.swift; sourceTree = "<group>"; };
		8864A2582AB5CDE300E9F559 /* LocationSearchActivationView.swift */ = {isa = PBXFileReference; lastKnownFileType = sourcecode.swift; path = LocationSearchActivationView.swift; sourceTree = "<group>"; };
		8864A25A2AB5CDFF00E9F559 /* LocationSearchResultCell.swift */ = {isa = PBXFileReference; lastKnownFileType = sourcecode.swift; path = LocationSearchResultCell.swift; sourceTree = "<group>"; };
		8864A25C2AB5CE1300E9F559 /* LocationSearchView.swift */ = {isa = PBXFileReference; lastKnownFileType = sourcecode.swift; path = LocationSearchView.swift; sourceTree = "<group>"; };
		8864A25E2AB5CE2800E9F559 /* LocationSearchViewActionButton.swift */ = {isa = PBXFileReference; lastKnownFileType = sourcecode.swift; path = LocationSearchViewActionButton.swift; sourceTree = "<group>"; };
		8864A2612AB5CEE800E9F559 /* LocationManager.swift */ = {isa = PBXFileReference; lastKnownFileType = sourcecode.swift; path = LocationManager.swift; sourceTree = "<group>"; };
		886971832AE5792A009173EB /* ResendVerificationView.swift */ = {isa = PBXFileReference; lastKnownFileType = sourcecode.swift; path = ResendVerificationView.swift; sourceTree = "<group>"; };
		88755D992AD5A9F700D43C85 /* DarkModeManager.swift */ = {isa = PBXFileReference; lastKnownFileType = sourcecode.swift; path = DarkModeManager.swift; sourceTree = "<group>"; };
		888131512ADBE75A00980E34 /* Info.plist */ = {isa = PBXFileReference; lastKnownFileType = text.plist; path = Info.plist; sourceTree = "<group>"; };
		888131582ADC059100980E34 /* ImagePicker.swift */ = {isa = PBXFileReference; lastKnownFileType = sourcecode.swift; path = ImagePicker.swift; sourceTree = "<group>"; };
		8883659E2AACB23000B835C5 /* HomeView.swift */ = {isa = PBXFileReference; lastKnownFileType = sourcecode.swift; path = HomeView.swift; sourceTree = "<group>"; };
		88A713C32AE540EF00603DA5 /* ResetPasswordView.swift */ = {isa = PBXFileReference; lastKnownFileType = sourcecode.swift; path = ResetPasswordView.swift; sourceTree = "<group>"; };
		88E2691F2AB5C01C00EDA486 /* MapViewRepresentable.swift */ = {isa = PBXFileReference; lastKnownFileType = sourcecode.swift; path = MapViewRepresentable.swift; sourceTree = SOURCE_ROOT; };
		88E269252AB5CC2A00EDA486 /* LocationSearchViewModel.swift */ = {isa = PBXFileReference; lastKnownFileType = sourcecode.swift; path = LocationSearchViewModel.swift; sourceTree = SOURCE_ROOT; };
		E037849E2AE844CD00A49BB7 /* ImageClassificationService.swift */ = {isa = PBXFileReference; lastKnownFileType = sourcecode.swift; path = ImageClassificationService.swift; sourceTree = "<group>"; };
		E04736002AF6E5D900EF364F /* TrashTagsViewModel.swift */ = {isa = PBXFileReference; lastKnownFileType = sourcecode.swift; path = TrashTagsViewModel.swift; sourceTree = "<group>"; };
		E04736022AF6E8B300EF364F /* TrashService.swift */ = {isa = PBXFileReference; lastKnownFileType = sourcecode.swift; path = TrashService.swift; sourceTree = "<group>"; };
		E089D8BB2AEAC99400DE9748 /* TrashWizardViewModel.swift */ = {isa = PBXFileReference; lastKnownFileType = sourcecode.swift; path = TrashWizardViewModel.swift; sourceTree = "<group>"; };
		E089D8BD2AEAC9A700DE9748 /* TrashWizardView.swift */ = {isa = PBXFileReference; lastKnownFileType = sourcecode.swift; path = TrashWizardView.swift; sourceTree = "<group>"; };
		E089D8C02AEAE55500DE9748 /* TrashClassifier.swift */ = {isa = PBXFileReference; lastKnownFileType = sourcecode.swift; path = TrashClassifier.swift; sourceTree = "<group>"; };
		E0D0B8C92B24E668003497FA /* TrashImageClassificationModel.mlmodel */ = {isa = PBXFileReference; lastKnownFileType = file.mlmodel; path = TrashImageClassificationModel.mlmodel; sourceTree = "<group>"; };
		E0D0B8CB2B24E959003497FA /* TrashImageClassificationModel.mlpackage */ = {isa = PBXFileReference; lastKnownFileType = folder.mlpackage; path = TrashImageClassificationModel.mlpackage; sourceTree = "<group>"; };
/* End PBXFileReference section */

/* Begin PBXFrameworksBuildPhase section */
		885B25462A910838007D3A54 /* Frameworks */ = {
			isa = PBXFrameworksBuildPhase;
			buildActionMask = 2147483647;
			files = (
			);
			runOnlyForDeploymentPostprocessing = 0;
		};
/* End PBXFrameworksBuildPhase section */

/* Begin PBXGroup section */
		881FDA182AD1622600363234 /* ViewModel */ = {
			isa = PBXGroup;
			children = (
				8833EA932AD2BCCB003064AD /* UserManagementViewModel.swift */,
			);
			path = ViewModel;
			sourceTree = "<group>";
		};
		882F15B62AD5D92A008D6319 /* SplashScreen */ = {
			isa = PBXGroup;
			children = (
				E089D8C52AED55F400DE9748 /* Views */,
			);
			path = SplashScreen;
			sourceTree = "<group>";
		};
		883145922AB4DA8000F6A15B /* UserManagement */ = {
			isa = PBXGroup;
			children = (
				881FDA182AD1622600363234 /* ViewModel */,
				883145932AB4DA9300F6A15B /* Views */,
			);
			path = UserManagement;
			sourceTree = "<group>";
		};
		883145932AB4DA9300F6A15B /* Views */ = {
			isa = PBXGroup;
			children = (
				883145942AB4DAAC00F6A15B /* UserManagementView.swift */,
				881FDA1B2AD1B94D00363234 /* UserManagementHeaderView.swift */,
				881FDA1D2AD1B96200363234 /* UserDataView.swift */,
				881FDA1F2AD1B97600363234 /* AppSettingsView.swift */,
				881FDA212AD1B98800363234 /* SignOutView.swift */,
				881FDA232AD1B99500363234 /* EditSheetView.swift */,
			);
			path = Views;
			sourceTree = "<group>";
		};
		883145962AB4E54600F6A15B /* ContentAfterLoggedIn */ = {
			isa = PBXGroup;
			children = (
				883145972AB4E55300F6A15B /* Views */,
			);
			path = ContentAfterLoggedIn;
			sourceTree = "<group>";
		};
		883145972AB4E55300F6A15B /* Views */ = {
			isa = PBXGroup;
			children = (
				883145982AB4E56900F6A15B /* ContentAfterLoggedInView.swift */,
			);
			path = Views;
			sourceTree = "<group>";
		};
		8832A4012AAC9B3C00FC348C /* Navigation */ = {
			isa = PBXGroup;
			children = (
				8832A4022AAC9B4E00FC348C /* Views */,
			);
			path = Navigation;
			sourceTree = "<group>";
		};
		8832A4022AAC9B4E00FC348C /* Views */ = {
			isa = PBXGroup;
			children = (
				8832A4032AAC9E0000FC348C /* BottomNavigationView.swift */,
			);
			path = Views;
			sourceTree = "<group>";
		};
		885B25402A910838007D3A54 = {
			isa = PBXGroup;
			children = (
				885B254B2A910838007D3A54 /* Trashify */,
				885B254A2A910838007D3A54 /* Products */,
			);
			sourceTree = "<group>";
		};
		885B254A2A910838007D3A54 /* Products */ = {
			isa = PBXGroup;
			children = (
				885B25492A910838007D3A54 /* Trashify.app */,
			);
			name = Products;
			sourceTree = "<group>";
		};
		885B254B2A910838007D3A54 /* Trashify */ = {
			isa = PBXGroup;
			children = (
				E089D8BF2AEAE52500DE9748 /* Classifiers */,
				E037849B2AE8428E00A49BB7 /* Models */,
				888131512ADBE75A00980E34 /* Info.plist */,
				8864A2602AB5CED200E9F559 /* Managers */,
				885B25672A9110E1007D3A54 /* Helpers */,
				885B255C2A9109C5007D3A54 /* Core */,
				885B255A2A9109B7007D3A54 /* Services */,
				885B254C2A910838007D3A54 /* TrashifyApp.swift */,
				885B254E2A910838007D3A54 /* ContentView.swift */,
				885B25502A910838007D3A54 /* Assets.xcassets */,
				885B25522A910838007D3A54 /* Preview Content */,
			);
			path = Trashify;
			sourceTree = "<group>";
		};
		885B25522A910838007D3A54 /* Preview Content */ = {
			isa = PBXGroup;
			children = (
				885B25532A910838007D3A54 /* Preview Assets.xcassets */,
			);
			path = "Preview Content";
			sourceTree = "<group>";
		};
		885B255A2A9109B7007D3A54 /* Services */ = {
			isa = PBXGroup;
			children = (
				885B256A2A911133007D3A54 /* AuthenticationService.swift */,
				E04736022AF6E8B300EF364F /* TrashService.swift */,
				E037849E2AE844CD00A49BB7 /* ImageClassificationService.swift */,
			);
			path = Services;
			sourceTree = "<group>";
		};
		885B255C2A9109C5007D3A54 /* Core */ = {
			isa = PBXGroup;
			children = (
				E089D8B82AEAC8B500DE9748 /* TrashWizard */,
				882F15B62AD5D92A008D6319 /* SplashScreen */,
				88E269212AB5C07500EDA486 /* LocationSearch */,
				883145962AB4E54600F6A15B /* ContentAfterLoggedIn */,
				883145922AB4DA8000F6A15B /* UserManagement */,
				8883659C2AACB21500B835C5 /* Home */,
				8832A4012AAC9B3C00FC348C /* Navigation */,
				885B25732A912945007D3A54 /* WelcomeScreen */,
				885B255E2A910BAD007D3A54 /* Authentication */,
			);
			path = Core;
			sourceTree = "<group>";
		};
		885B255E2A910BAD007D3A54 /* Authentication */ = {
			isa = PBXGroup;
			children = (
				885B25602A910BD5007D3A54 /* ViewModel */,
				885B255F2A910BCF007D3A54 /* Views */,
			);
			path = Authentication;
			sourceTree = "<group>";
		};
		885B255F2A910BCF007D3A54 /* Views */ = {
			isa = PBXGroup;
			children = (
				885B25612A910C21007D3A54 /* LoginView.swift */,
				885B256E2A911C84007D3A54 /* RegisterView.swift */,
				88A713C32AE540EF00603DA5 /* ResetPasswordView.swift */,
				886971832AE5792A009173EB /* ResendVerificationView.swift */,
			);
			path = Views;
			sourceTree = "<group>";
		};
		885B25602A910BD5007D3A54 /* ViewModel */ = {
			isa = PBXGroup;
			children = (
				885B25652A910D44007D3A54 /* LoginViewModel.swift */,
				885B256C2A911C58007D3A54 /* RegisterViewModel.swift */,
				88269DF82AE55F130050345E /* ResetPasswordViewModel.swift */,
				88269DFA2AE578210050345E /* ResendVerificationViewModel.swift */,
			);
			path = ViewModel;
			sourceTree = "<group>";
		};
		885B25672A9110E1007D3A54 /* Helpers */ = {
			isa = PBXGroup;
			children = (
				885B25682A9110F9007D3A54 /* KeychainHelper.swift */,
				8815E09E2AC07EA2003E2EAE /* AppColors.swift */,
				8809D55E2AD06F6F00A2B5B4 /* CornerRoundingHelper.swift */,
				888131582ADC059100980E34 /* ImagePicker.swift */,
			);
			path = Helpers;
			sourceTree = "<group>";
		};
		885B25732A912945007D3A54 /* WelcomeScreen */ = {
			isa = PBXGroup;
			children = (
				E089D8C42AED55C600DE9748 /* Views */,
			);
			path = WelcomeScreen;
			sourceTree = "<group>";
		};
		8864A2572AB5CDA800E9F559 /* Views */ = {
			isa = PBXGroup;
			children = (
				8864A2582AB5CDE300E9F559 /* LocationSearchActivationView.swift */,
				8864A25A2AB5CDFF00E9F559 /* LocationSearchResultCell.swift */,
				8864A25C2AB5CE1300E9F559 /* LocationSearchView.swift */,
				8864A25E2AB5CE2800E9F559 /* LocationSearchViewActionButton.swift */,
			);
			path = Views;
			sourceTree = "<group>";
		};
		8864A2602AB5CED200E9F559 /* Managers */ = {
			isa = PBXGroup;
			children = (
				88755D992AD5A9F700D43C85 /* DarkModeManager.swift */,
				8864A2612AB5CEE800E9F559 /* LocationManager.swift */,
			);
			path = Managers;
			sourceTree = "<group>";
		};
		8883659C2AACB21500B835C5 /* Home */ = {
			isa = PBXGroup;
			children = (
				E04735FF2AF6E5B600EF364F /* ViewModels */,
				8883659D2AACB21C00B835C5 /* Views */,
			);
			path = Home;
			sourceTree = "<group>";
		};
		8883659D2AACB21C00B835C5 /* Views */ = {
			isa = PBXGroup;
			children = (
				8883659E2AACB23000B835C5 /* HomeView.swift */,
				88E2691F2AB5C01C00EDA486 /* MapViewRepresentable.swift */,
			);
			path = Views;
			sourceTree = "<group>";
		};
		88E269212AB5C07500EDA486 /* LocationSearch */ = {
			isa = PBXGroup;
			children = (
				88E269242AB5CC0C00EDA486 /* ViewModel */,
				8864A2572AB5CDA800E9F559 /* Views */,
			);
			path = LocationSearch;
			sourceTree = "<group>";
		};
		88E269242AB5CC0C00EDA486 /* ViewModel */ = {
			isa = PBXGroup;
			children = (
				88E269252AB5CC2A00EDA486 /* LocationSearchViewModel.swift */,
			);
			path = ViewModel;
			sourceTree = "<group>";
		};
		E037849B2AE8428E00A49BB7 /* Models */ = {
			isa = PBXGroup;
			children = (
				E0D0B8CB2B24E959003497FA /* TrashImageClassificationModel.mlpackage */,
				E0D0B8C92B24E668003497FA /* TrashImageClassificationModel.mlmodel */,
			);
			path = Models;
			sourceTree = "<group>";
		};
		E04735FF2AF6E5B600EF364F /* ViewModels */ = {
			isa = PBXGroup;
			children = (
				E04736002AF6E5D900EF364F /* TrashTagsViewModel.swift */,
			);
			path = ViewModels;
			sourceTree = "<group>";
		};
		E089D8B82AEAC8B500DE9748 /* TrashWizard */ = {
			isa = PBXGroup;
			children = (
				E089D8BA2AEAC98200DE9748 /* Views */,
				E089D8B92AEAC97900DE9748 /* ViewModel */,
			);
			path = TrashWizard;
			sourceTree = "<group>";
		};
		E089D8B92AEAC97900DE9748 /* ViewModel */ = {
			isa = PBXGroup;
			children = (
				E089D8BB2AEAC99400DE9748 /* TrashWizardViewModel.swift */,
			);
			path = ViewModel;
			sourceTree = "<group>";
		};
		E089D8BA2AEAC98200DE9748 /* Views */ = {
			isa = PBXGroup;
			children = (
				E089D8BD2AEAC9A700DE9748 /* TrashWizardView.swift */,
			);
			path = Views;
			sourceTree = "<group>";
		};
		E089D8BF2AEAE52500DE9748 /* Classifiers */ = {
			isa = PBXGroup;
			children = (
				E089D8C02AEAE55500DE9748 /* TrashClassifier.swift */,
			);
			path = Classifiers;
			sourceTree = "<group>";
		};
		E089D8C42AED55C600DE9748 /* Views */ = {
			isa = PBXGroup;
			children = (
				885B25742A912960007D3A54 /* WelcomeScreenView.swift */,
			);
			path = Views;
			sourceTree = "<group>";
		};
		E089D8C52AED55F400DE9748 /* Views */ = {
			isa = PBXGroup;
			children = (
				882F15B72AD5D949008D6319 /* SplashScreenView.swift */,
			);
			path = Views;
			sourceTree = "<group>";
		};
/* End PBXGroup section */

/* Begin PBXNativeTarget section */
		885B25482A910838007D3A54 /* Trashify */ = {
			isa = PBXNativeTarget;
			buildConfigurationList = 885B25572A910838007D3A54 /* Build configuration list for PBXNativeTarget "Trashify" */;
			buildPhases = (
				885B25452A910838007D3A54 /* Sources */,
				885B25462A910838007D3A54 /* Frameworks */,
				885B25472A910838007D3A54 /* Resources */,
			);
			buildRules = (
			);
			dependencies = (
			);
			name = Trashify;
			productName = Trashify;
			productReference = 885B25492A910838007D3A54 /* Trashify.app */;
			productType = "com.apple.product-type.application";
		};
/* End PBXNativeTarget section */

/* Begin PBXProject section */
		885B25412A910838007D3A54 /* Project object */ = {
			isa = PBXProject;
			attributes = {
				BuildIndependentTargetsInParallel = 1;
				LastSwiftUpdateCheck = 1430;
				LastUpgradeCheck = 1500;
				TargetAttributes = {
					885B25482A910838007D3A54 = {
						CreatedOnToolsVersion = 14.3.1;
					};
				};
			};
			buildConfigurationList = 885B25442A910838007D3A54 /* Build configuration list for PBXProject "Trashify" */;
			compatibilityVersion = "Xcode 14.0";
			developmentRegion = en;
			hasScannedForEncodings = 0;
			knownRegions = (
				en,
				Base,
			);
			mainGroup = 885B25402A910838007D3A54;
			productRefGroup = 885B254A2A910838007D3A54 /* Products */;
			projectDirPath = "";
			projectRoot = "";
			targets = (
				885B25482A910838007D3A54 /* Trashify */,
			);
		};
/* End PBXProject section */

/* Begin PBXResourcesBuildPhase section */
		885B25472A910838007D3A54 /* Resources */ = {
			isa = PBXResourcesBuildPhase;
			buildActionMask = 2147483647;
			files = (
				885B25542A910838007D3A54 /* Preview Assets.xcassets in Resources */,
				885B25512A910838007D3A54 /* Assets.xcassets in Resources */,
			);
			runOnlyForDeploymentPostprocessing = 0;
		};
/* End PBXResourcesBuildPhase section */

/* Begin PBXSourcesBuildPhase section */
		885B25452A910838007D3A54 /* Sources */ = {
			isa = PBXSourcesBuildPhase;
			buildActionMask = 2147483647;
			files = (
				E04736032AF6E8B300EF364F /* TrashService.swift in Sources */,
				88A713C42AE540EF00603DA5 /* ResetPasswordView.swift in Sources */,
				885B25662A910D44007D3A54 /* LoginViewModel.swift in Sources */,
				88269DFB2AE578210050345E /* ResendVerificationViewModel.swift in Sources */,
				885B25622A910C21007D3A54 /* LoginView.swift in Sources */,
				885B25752A912960007D3A54 /* WelcomeScreenView.swift in Sources */,
				881FDA202AD1B97600363234 /* AppSettingsView.swift in Sources */,
				881FDA242AD1B99500363234 /* EditSheetView.swift in Sources */,
				88E269262AB5CC2A00EDA486 /* LocationSearchViewModel.swift in Sources */,
				8864A25F2AB5CE2800E9F559 /* LocationSearchViewActionButton.swift in Sources */,
				883145952AB4DAAC00F6A15B /* UserManagementView.swift in Sources */,
				885B256D2A911C58007D3A54 /* RegisterViewModel.swift in Sources */,
				885B254F2A910838007D3A54 /* ContentView.swift in Sources */,
				8833EA942AD2BCCB003064AD /* UserManagementViewModel.swift in Sources */,
				8864A25D2AB5CE1300E9F559 /* LocationSearchView.swift in Sources */,
				888131592ADC059100980E34 /* ImagePicker.swift in Sources */,
				8864A25B2AB5CDFF00E9F559 /* LocationSearchResultCell.swift in Sources */,
				881FDA1E2AD1B96200363234 /* UserDataView.swift in Sources */,
				886971842AE5792A009173EB /* ResendVerificationView.swift in Sources */,
				8883659F2AACB23000B835C5 /* HomeView.swift in Sources */,
				E04736012AF6E5D900EF364F /* TrashTagsViewModel.swift in Sources */,
				885B256B2A911133007D3A54 /* AuthenticationService.swift in Sources */,
				8864A2622AB5CEE800E9F559 /* LocationManager.swift in Sources */,
				E089D8BC2AEAC99400DE9748 /* TrashWizardViewModel.swift in Sources */,
				E089D8BE2AEAC9A700DE9748 /* TrashWizardView.swift in Sources */,
				882F15B82AD5D949008D6319 /* SplashScreenView.swift in Sources */,
				8809D55F2AD06F6F00A2B5B4 /* CornerRoundingHelper.swift in Sources */,
				885B256F2A911C84007D3A54 /* RegisterView.swift in Sources */,
				883145992AB4E56900F6A15B /* ContentAfterLoggedInView.swift in Sources */,
				88E269202AB5C01C00EDA486 /* MapViewRepresentable.swift in Sources */,
				E089D8C12AEAE55500DE9748 /* TrashClassifier.swift in Sources */,
				8832A4042AAC9E0000FC348C /* BottomNavigationView.swift in Sources */,
				8864A2592AB5CDE300E9F559 /* LocationSearchActivationView.swift in Sources */,
				881FDA1C2AD1B94D00363234 /* UserManagementHeaderView.swift in Sources */,
				88269DF92AE55F130050345E /* ResetPasswordViewModel.swift in Sources */,
				881FDA1C2AD1B94D00363234 /* UserManagementHeaderView.swift in Sources */,
				8815E09F2AC07EA2003E2EAE /* AppColors.swift in Sources */,
				885B25692A9110F9007D3A54 /* KeychainHelper.swift in Sources */,
				E0D0B8CA2B24E668003497FA /* TrashImageClassificationModel.mlmodel in Sources */,
				E037849F2AE844CD00A49BB7 /* ImageClassificationService.swift in Sources */,
				88755D9A2AD5A9F700D43C85 /* DarkModeManager.swift in Sources */,
				885B254D2A910838007D3A54 /* TrashifyApp.swift in Sources */,
				881FDA222AD1B98800363234 /* SignOutView.swift in Sources */,
				E0D0B8CC2B24E95A003497FA /* TrashImageClassificationModel.mlpackage in Sources */,
			);
			runOnlyForDeploymentPostprocessing = 0;
		};
/* End PBXSourcesBuildPhase section */

/* Begin XCBuildConfiguration section */
		885B25552A910838007D3A54 /* Debug */ = {
			isa = XCBuildConfiguration;
			buildSettings = {
				ALWAYS_SEARCH_USER_PATHS = NO;
				CLANG_ANALYZER_NONNULL = YES;
				CLANG_ANALYZER_NUMBER_OBJECT_CONVERSION = YES_AGGRESSIVE;
				CLANG_CXX_LANGUAGE_STANDARD = "gnu++20";
				CLANG_ENABLE_MODULES = YES;
				CLANG_ENABLE_OBJC_ARC = YES;
				CLANG_ENABLE_OBJC_WEAK = YES;
				CLANG_WARN_BLOCK_CAPTURE_AUTORELEASING = YES;
				CLANG_WARN_BOOL_CONVERSION = YES;
				CLANG_WARN_COMMA = YES;
				CLANG_WARN_CONSTANT_CONVERSION = YES;
				CLANG_WARN_DEPRECATED_OBJC_IMPLEMENTATIONS = YES;
				CLANG_WARN_DIRECT_OBJC_ISA_USAGE = YES_ERROR;
				CLANG_WARN_DOCUMENTATION_COMMENTS = YES;
				CLANG_WARN_EMPTY_BODY = YES;
				CLANG_WARN_ENUM_CONVERSION = YES;
				CLANG_WARN_INFINITE_RECURSION = YES;
				CLANG_WARN_INT_CONVERSION = YES;
				CLANG_WARN_NON_LITERAL_NULL_CONVERSION = YES;
				CLANG_WARN_OBJC_IMPLICIT_RETAIN_SELF = YES;
				CLANG_WARN_OBJC_LITERAL_CONVERSION = YES;
				CLANG_WARN_OBJC_ROOT_CLASS = YES_ERROR;
				CLANG_WARN_QUOTED_INCLUDE_IN_FRAMEWORK_HEADER = YES;
				CLANG_WARN_RANGE_LOOP_ANALYSIS = YES;
				CLANG_WARN_STRICT_PROTOTYPES = YES;
				CLANG_WARN_SUSPICIOUS_MOVE = YES;
				CLANG_WARN_UNGUARDED_AVAILABILITY = YES_AGGRESSIVE;
				CLANG_WARN_UNREACHABLE_CODE = YES;
				CLANG_WARN__DUPLICATE_METHOD_MATCH = YES;
				COPY_PHASE_STRIP = NO;
				DEBUG_INFORMATION_FORMAT = dwarf;
				ENABLE_STRICT_OBJC_MSGSEND = YES;
				ENABLE_TESTABILITY = YES;
				ENABLE_USER_SCRIPT_SANDBOXING = YES;
				GCC_C_LANGUAGE_STANDARD = gnu11;
				GCC_DYNAMIC_NO_PIC = NO;
				GCC_NO_COMMON_BLOCKS = YES;
				GCC_OPTIMIZATION_LEVEL = 0;
				GCC_PREPROCESSOR_DEFINITIONS = (
					"DEBUG=1",
					"$(inherited)",
				);
				GCC_WARN_64_TO_32_BIT_CONVERSION = YES;
				GCC_WARN_ABOUT_RETURN_TYPE = YES_ERROR;
				GCC_WARN_UNDECLARED_SELECTOR = YES;
				GCC_WARN_UNINITIALIZED_AUTOS = YES_AGGRESSIVE;
				GCC_WARN_UNUSED_FUNCTION = YES;
				GCC_WARN_UNUSED_VARIABLE = YES;
				IPHONEOS_DEPLOYMENT_TARGET = 16.4;
				MTL_ENABLE_DEBUG_INFO = INCLUDE_SOURCE;
				MTL_FAST_MATH = YES;
				ONLY_ACTIVE_ARCH = YES;
				SDKROOT = iphoneos;
				SWIFT_ACTIVE_COMPILATION_CONDITIONS = DEBUG;
				SWIFT_OPTIMIZATION_LEVEL = "-Onone";
			};
			name = Debug;
		};
		885B25562A910838007D3A54 /* Release */ = {
			isa = XCBuildConfiguration;
			buildSettings = {
				ALWAYS_SEARCH_USER_PATHS = NO;
				CLANG_ANALYZER_NONNULL = YES;
				CLANG_ANALYZER_NUMBER_OBJECT_CONVERSION = YES_AGGRESSIVE;
				CLANG_CXX_LANGUAGE_STANDARD = "gnu++20";
				CLANG_ENABLE_MODULES = YES;
				CLANG_ENABLE_OBJC_ARC = YES;
				CLANG_ENABLE_OBJC_WEAK = YES;
				CLANG_WARN_BLOCK_CAPTURE_AUTORELEASING = YES;
				CLANG_WARN_BOOL_CONVERSION = YES;
				CLANG_WARN_COMMA = YES;
				CLANG_WARN_CONSTANT_CONVERSION = YES;
				CLANG_WARN_DEPRECATED_OBJC_IMPLEMENTATIONS = YES;
				CLANG_WARN_DIRECT_OBJC_ISA_USAGE = YES_ERROR;
				CLANG_WARN_DOCUMENTATION_COMMENTS = YES;
				CLANG_WARN_EMPTY_BODY = YES;
				CLANG_WARN_ENUM_CONVERSION = YES;
				CLANG_WARN_INFINITE_RECURSION = YES;
				CLANG_WARN_INT_CONVERSION = YES;
				CLANG_WARN_NON_LITERAL_NULL_CONVERSION = YES;
				CLANG_WARN_OBJC_IMPLICIT_RETAIN_SELF = YES;
				CLANG_WARN_OBJC_LITERAL_CONVERSION = YES;
				CLANG_WARN_OBJC_ROOT_CLASS = YES_ERROR;
				CLANG_WARN_QUOTED_INCLUDE_IN_FRAMEWORK_HEADER = YES;
				CLANG_WARN_RANGE_LOOP_ANALYSIS = YES;
				CLANG_WARN_STRICT_PROTOTYPES = YES;
				CLANG_WARN_SUSPICIOUS_MOVE = YES;
				CLANG_WARN_UNGUARDED_AVAILABILITY = YES_AGGRESSIVE;
				CLANG_WARN_UNREACHABLE_CODE = YES;
				CLANG_WARN__DUPLICATE_METHOD_MATCH = YES;
				COPY_PHASE_STRIP = NO;
				DEBUG_INFORMATION_FORMAT = "dwarf-with-dsym";
				ENABLE_NS_ASSERTIONS = NO;
				ENABLE_STRICT_OBJC_MSGSEND = YES;
				ENABLE_USER_SCRIPT_SANDBOXING = YES;
				GCC_C_LANGUAGE_STANDARD = gnu11;
				GCC_NO_COMMON_BLOCKS = YES;
				GCC_WARN_64_TO_32_BIT_CONVERSION = YES;
				GCC_WARN_ABOUT_RETURN_TYPE = YES_ERROR;
				GCC_WARN_UNDECLARED_SELECTOR = YES;
				GCC_WARN_UNINITIALIZED_AUTOS = YES_AGGRESSIVE;
				GCC_WARN_UNUSED_FUNCTION = YES;
				GCC_WARN_UNUSED_VARIABLE = YES;
				IPHONEOS_DEPLOYMENT_TARGET = 16.4;
				MTL_ENABLE_DEBUG_INFO = NO;
				MTL_FAST_MATH = YES;
				SDKROOT = iphoneos;
				SWIFT_COMPILATION_MODE = wholemodule;
				SWIFT_OPTIMIZATION_LEVEL = "-O";
				VALIDATE_PRODUCT = YES;
			};
			name = Release;
		};
		885B25582A910838007D3A54 /* Debug */ = {
			isa = XCBuildConfiguration;
			buildSettings = {
				ASSETCATALOG_COMPILER_APPICON_NAME = AppIcon;
				ASSETCATALOG_COMPILER_GLOBAL_ACCENT_COLOR_NAME = AccentColor;
				CODE_SIGN_STYLE = Automatic;
				CURRENT_PROJECT_VERSION = 1;
				DEVELOPMENT_ASSET_PATHS = "\"Trashify/Preview Content\"";
				DEVELOPMENT_TEAM = DH6J4B2L35;
				ENABLE_PREVIEWS = YES;
				GENERATE_INFOPLIST_FILE = YES;
				INFOPLIST_FILE = Trashify/Info.plist;
				INFOPLIST_KEY_NSCameraUsageDescription = "";
				INFOPLIST_KEY_NSLocationAlwaysAndWhenInUseUsageDescription = "";
				INFOPLIST_KEY_NSLocationWhenInUseUsageDescription = "";
				INFOPLIST_KEY_UIApplicationSceneManifest_Generation = YES;
				INFOPLIST_KEY_UIApplicationSupportsIndirectInputEvents = YES;
				INFOPLIST_KEY_UILaunchScreen_Generation = YES;
				INFOPLIST_KEY_UISupportedInterfaceOrientations_iPad = "UIInterfaceOrientationPortrait UIInterfaceOrientationPortraitUpsideDown UIInterfaceOrientationLandscapeLeft UIInterfaceOrientationLandscapeRight";
				INFOPLIST_KEY_UISupportedInterfaceOrientations_iPhone = NO;
				LD_RUNPATH_SEARCH_PATHS = (
					"$(inherited)",
					"@executable_path/Frameworks",
				);
				MARKETING_VERSION = 1.0;
				PRODUCT_BUNDLE_IDENTIFIER = com.kacperbylicki.Trashify;
				PRODUCT_NAME = "$(TARGET_NAME)";
				SWIFT_EMIT_LOC_STRINGS = YES;
				SWIFT_VERSION = 5.0;
				TARGETED_DEVICE_FAMILY = "1,2";
			};
			name = Debug;
		};
		885B25592A910838007D3A54 /* Release */ = {
			isa = XCBuildConfiguration;
			buildSettings = {
				ASSETCATALOG_COMPILER_APPICON_NAME = AppIcon;
				ASSETCATALOG_COMPILER_GLOBAL_ACCENT_COLOR_NAME = AccentColor;
				CODE_SIGN_STYLE = Automatic;
				CURRENT_PROJECT_VERSION = 1;
				DEVELOPMENT_ASSET_PATHS = "\"Trashify/Preview Content\"";
				DEVELOPMENT_TEAM = DH6J4B2L35;
				ENABLE_PREVIEWS = YES;
				GENERATE_INFOPLIST_FILE = YES;
				INFOPLIST_FILE = Trashify/Info.plist;
				INFOPLIST_KEY_NSCameraUsageDescription = "";
				INFOPLIST_KEY_NSLocationAlwaysAndWhenInUseUsageDescription = "";
				INFOPLIST_KEY_NSLocationWhenInUseUsageDescription = "";
				INFOPLIST_KEY_UIApplicationSceneManifest_Generation = YES;
				INFOPLIST_KEY_UIApplicationSupportsIndirectInputEvents = YES;
				INFOPLIST_KEY_UILaunchScreen_Generation = YES;
				INFOPLIST_KEY_UISupportedInterfaceOrientations_iPad = "UIInterfaceOrientationPortrait UIInterfaceOrientationPortraitUpsideDown UIInterfaceOrientationLandscapeLeft UIInterfaceOrientationLandscapeRight";
				INFOPLIST_KEY_UISupportedInterfaceOrientations_iPhone = NO;
				LD_RUNPATH_SEARCH_PATHS = (
					"$(inherited)",
					"@executable_path/Frameworks",
				);
				MARKETING_VERSION = 1.0;
				PRODUCT_BUNDLE_IDENTIFIER = com.kacperbylicki.Trashify;
				PRODUCT_NAME = "$(TARGET_NAME)";
				SWIFT_EMIT_LOC_STRINGS = YES;
				SWIFT_VERSION = 5.0;
				TARGETED_DEVICE_FAMILY = "1,2";
			};
			name = Release;
		};
/* End XCBuildConfiguration section */

/* Begin XCConfigurationList section */
		885B25442A910838007D3A54 /* Build configuration list for PBXProject "Trashify" */ = {
			isa = XCConfigurationList;
			buildConfigurations = (
				885B25552A910838007D3A54 /* Debug */,
				885B25562A910838007D3A54 /* Release */,
			);
			defaultConfigurationIsVisible = 0;
			defaultConfigurationName = Release;
		};
		885B25572A910838007D3A54 /* Build configuration list for PBXNativeTarget "Trashify" */ = {
			isa = XCConfigurationList;
			buildConfigurations = (
				885B25582A910838007D3A54 /* Debug */,
				885B25592A910838007D3A54 /* Release */,
			);
			defaultConfigurationIsVisible = 0;
			defaultConfigurationName = Release;
		};
/* End XCConfigurationList section */
	};
	rootObject = 885B25412A910838007D3A54 /* Project object */;
}
