// !$*UTF8*$!
{
	archiveVersion = 1;
	classes = {
	};
	objectVersion = 56;
	objects = {

/* Begin PBXBuildFile section */
		883145952AB4DAAC00F6A15B /* PersonTabView.swift in Sources */ = {isa = PBXBuildFile; fileRef = 883145942AB4DAAC00F6A15B /* PersonTabView.swift */; };
		883145992AB4E56900F6A15B /* ContentAfterLoggedInView.swift in Sources */ = {isa = PBXBuildFile; fileRef = 883145982AB4E56900F6A15B /* ContentAfterLoggedInView.swift */; };
		8832A4042AAC9E0000FC348C /* BottomNavigationView.swift in Sources */ = {isa = PBXBuildFile; fileRef = 8832A4032AAC9E0000FC348C /* BottomNavigationView.swift */; };
		885B254D2A910838007D3A54 /* TrashifyApp.swift in Sources */ = {isa = PBXBuildFile; fileRef = 885B254C2A910838007D3A54 /* TrashifyApp.swift */; };
		885B254F2A910838007D3A54 /* ContentView.swift in Sources */ = {isa = PBXBuildFile; fileRef = 885B254E2A910838007D3A54 /* ContentView.swift */; };
		885B25512A910838007D3A54 /* Assets.xcassets in Resources */ = {isa = PBXBuildFile; fileRef = 885B25502A910838007D3A54 /* Assets.xcassets */; };
		885B25542A910838007D3A54 /* Preview Assets.xcassets in Resources */ = {isa = PBXBuildFile; fileRef = 885B25532A910838007D3A54 /* Preview Assets.xcassets */; };
		885B25622A910C21007D3A54 /* LoginView.swift in Sources */ = {isa = PBXBuildFile; fileRef = 885B25612A910C21007D3A54 /* LoginView.swift */; };
		885B25662A910D44007D3A54 /* LoginViewModel.swift in Sources */ = {isa = PBXBuildFile; fileRef = 885B25652A910D44007D3A54 /* LoginViewModel.swift */; };
		885B25692A9110F9007D3A54 /* KeychainHelper.swift in Sources */ = {isa = PBXBuildFile; fileRef = 885B25682A9110F9007D3A54 /* KeychainHelper.swift */; };
		885B256B2A911133007D3A54 /* AuthenticationService.swift in Sources */ = {isa = PBXBuildFile; fileRef = 885B256A2A911133007D3A54 /* AuthenticationService.swift */; };
		885B256D2A911C58007D3A54 /* RegisterViewModel.swift in Sources */ = {isa = PBXBuildFile; fileRef = 885B256C2A911C58007D3A54 /* RegisterViewModel.swift */; };
		885B256F2A911C84007D3A54 /* RegisterView.swift in Sources */ = {isa = PBXBuildFile; fileRef = 885B256E2A911C84007D3A54 /* RegisterView.swift */; };
		885B25752A912960007D3A54 /* LoginPromoView.swift in Sources */ = {isa = PBXBuildFile; fileRef = 885B25742A912960007D3A54 /* LoginPromoView.swift */; };
		8883659F2AACB23000B835C5 /* HomeView.swift in Sources */ = {isa = PBXBuildFile; fileRef = 8883659E2AACB23000B835C5 /* HomeView.swift */; };
/* End PBXBuildFile section */

/* Begin PBXFileReference section */
		883145942AB4DAAC00F6A15B /* PersonTabView.swift */ = {isa = PBXFileReference; lastKnownFileType = sourcecode.swift; path = PersonTabView.swift; sourceTree = "<group>"; };
		883145982AB4E56900F6A15B /* ContentAfterLoggedInView.swift */ = {isa = PBXFileReference; lastKnownFileType = sourcecode.swift; path = ContentAfterLoggedInView.swift; sourceTree = "<group>"; };
		8832A4032AAC9E0000FC348C /* BottomNavigationView.swift */ = {isa = PBXFileReference; lastKnownFileType = sourcecode.swift; path = BottomNavigationView.swift; sourceTree = "<group>"; };
		885B25492A910838007D3A54 /* Trashify.app */ = {isa = PBXFileReference; explicitFileType = wrapper.application; includeInIndex = 0; path = Trashify.app; sourceTree = BUILT_PRODUCTS_DIR; };
		885B254C2A910838007D3A54 /* TrashifyApp.swift */ = {isa = PBXFileReference; lastKnownFileType = sourcecode.swift; path = TrashifyApp.swift; sourceTree = "<group>"; };
		885B254E2A910838007D3A54 /* ContentView.swift */ = {isa = PBXFileReference; lastKnownFileType = sourcecode.swift; path = ContentView.swift; sourceTree = "<group>"; };
		885B25502A910838007D3A54 /* Assets.xcassets */ = {isa = PBXFileReference; lastKnownFileType = folder.assetcatalog; path = Assets.xcassets; sourceTree = "<group>"; };
		885B25532A910838007D3A54 /* Preview Assets.xcassets */ = {isa = PBXFileReference; lastKnownFileType = folder.assetcatalog; path = "Preview Assets.xcassets"; sourceTree = "<group>"; };
		885B25612A910C21007D3A54 /* LoginView.swift */ = {isa = PBXFileReference; lastKnownFileType = sourcecode.swift; path = LoginView.swift; sourceTree = "<group>"; };
		885B25652A910D44007D3A54 /* LoginViewModel.swift */ = {isa = PBXFileReference; lastKnownFileType = sourcecode.swift; path = LoginViewModel.swift; sourceTree = "<group>"; };
		885B25682A9110F9007D3A54 /* KeychainHelper.swift */ = {isa = PBXFileReference; lastKnownFileType = sourcecode.swift; path = KeychainHelper.swift; sourceTree = "<group>"; };
		885B256A2A911133007D3A54 /* AuthenticationService.swift */ = {isa = PBXFileReference; lastKnownFileType = sourcecode.swift; path = AuthenticationService.swift; sourceTree = "<group>"; };
		885B256C2A911C58007D3A54 /* RegisterViewModel.swift */ = {isa = PBXFileReference; lastKnownFileType = sourcecode.swift; path = RegisterViewModel.swift; sourceTree = "<group>"; };
		885B256E2A911C84007D3A54 /* RegisterView.swift */ = {isa = PBXFileReference; lastKnownFileType = sourcecode.swift; path = RegisterView.swift; sourceTree = "<group>"; };
		885B25742A912960007D3A54 /* LoginPromoView.swift */ = {isa = PBXFileReference; lastKnownFileType = sourcecode.swift; path = LoginPromoView.swift; sourceTree = "<group>"; };
		8883659E2AACB23000B835C5 /* HomeView.swift */ = {isa = PBXFileReference; lastKnownFileType = sourcecode.swift; path = HomeView.swift; sourceTree = "<group>"; };
/* End PBXFileReference section */

/* Begin PBXFrameworksBuildPhase section */
		885B25462A910838007D3A54 /* Frameworks */ = {
			isa = PBXFrameworksBuildPhase;
			buildActionMask = 2147483647;
			files = (
			);
			runOnlyForDeploymentPostprocessing = 0;
		};
/* End PBXFrameworksBuildPhase section */

/* Begin PBXGroup section */
		883145922AB4DA8000F6A15B /* PersonTab */ = {
			isa = PBXGroup;
			children = (
				883145932AB4DA9300F6A15B /* Views */,
			);
			path = PersonTab;
			sourceTree = "<group>";
		};
		883145932AB4DA9300F6A15B /* Views */ = {
			isa = PBXGroup;
			children = (
				883145942AB4DAAC00F6A15B /* PersonTabView.swift */,
			);
			path = Views;
			sourceTree = "<group>";
		};
		883145962AB4E54600F6A15B /* ContentAfterLoggedIn */ = {
			isa = PBXGroup;
			children = (
				883145972AB4E55300F6A15B /* Views */,
			);
			path = ContentAfterLoggedIn;
			sourceTree = "<group>";
		};
		883145972AB4E55300F6A15B /* Views */ = {
			isa = PBXGroup;
			children = (
				883145982AB4E56900F6A15B /* ContentAfterLoggedInView.swift */,
			);
			path = Views;
			sourceTree = "<group>";
		};
		8832A4012AAC9B3C00FC348C /* Navigation */ = {
			isa = PBXGroup;
			children = (
				8832A4022AAC9B4E00FC348C /* Views */,
			);
			path = Navigation;
			sourceTree = "<group>";
		};
		8832A4022AAC9B4E00FC348C /* Views */ = {
			isa = PBXGroup;
			children = (
				8832A4032AAC9E0000FC348C /* BottomNavigationView.swift */,
			);
			path = Views;
			sourceTree = "<group>";
		};
		885B25402A910838007D3A54 = {
			isa = PBXGroup;
			children = (
				885B254B2A910838007D3A54 /* Trashify */,
				885B254A2A910838007D3A54 /* Products */,
			);
			sourceTree = "<group>";
		};
		885B254A2A910838007D3A54 /* Products */ = {
			isa = PBXGroup;
			children = (
				885B25492A910838007D3A54 /* Trashify.app */,
			);
			name = Products;
			sourceTree = "<group>";
		};
		885B254B2A910838007D3A54 /* Trashify */ = {
			isa = PBXGroup;
			children = (
				885B25672A9110E1007D3A54 /* Helpers */,
				885B255C2A9109C5007D3A54 /* Core */,
				885B255A2A9109B7007D3A54 /* Services */,
				885B254C2A910838007D3A54 /* TrashifyApp.swift */,
				885B254E2A910838007D3A54 /* ContentView.swift */,
				885B25502A910838007D3A54 /* Assets.xcassets */,
				885B25522A910838007D3A54 /* Preview Content */,
			);
			path = Trashify;
			sourceTree = "<group>";
		};
		885B25522A910838007D3A54 /* Preview Content */ = {
			isa = PBXGroup;
			children = (
				885B25532A910838007D3A54 /* Preview Assets.xcassets */,
			);
			path = "Preview Content";
			sourceTree = "<group>";
		};
		885B255A2A9109B7007D3A54 /* Services */ = {
			isa = PBXGroup;
			children = (
				885B256A2A911133007D3A54 /* AuthenticationService.swift */,
			);
			path = Services;
			sourceTree = "<group>";
		};
		885B255C2A9109C5007D3A54 /* Core */ = {
			isa = PBXGroup;
			children = (
				883145962AB4E54600F6A15B /* ContentAfterLoggedIn */,
				883145922AB4DA8000F6A15B /* PersonTab */,
				8883659C2AACB21500B835C5 /* Home */,
				8832A4012AAC9B3C00FC348C /* Navigation */,
				885B25732A912945007D3A54 /* LoginPromo */,
				885B255E2A910BAD007D3A54 /* Authentication */,
			);
			path = Core;
			sourceTree = "<group>";
		};
		885B255E2A910BAD007D3A54 /* Authentication */ = {
			isa = PBXGroup;
			children = (
				885B25602A910BD5007D3A54 /* ViewModel */,
				885B255F2A910BCF007D3A54 /* Views */,
			);
			path = Authentication;
			sourceTree = "<group>";
		};
		885B255F2A910BCF007D3A54 /* Views */ = {
			isa = PBXGroup;
			children = (
				885B25612A910C21007D3A54 /* LoginView.swift */,
				885B256E2A911C84007D3A54 /* RegisterView.swift */,
			);
			path = Views;
			sourceTree = "<group>";
		};
		885B25602A910BD5007D3A54 /* ViewModel */ = {
			isa = PBXGroup;
			children = (
				885B25652A910D44007D3A54 /* LoginViewModel.swift */,
				885B256C2A911C58007D3A54 /* RegisterViewModel.swift */,
			);
			path = ViewModel;
			sourceTree = "<group>";
		};
		885B25672A9110E1007D3A54 /* Helpers */ = {
			isa = PBXGroup;
			children = (
				885B25682A9110F9007D3A54 /* KeychainHelper.swift */,
			);
			path = Helpers;
			sourceTree = "<group>";
		};
		885B25732A912945007D3A54 /* LoginPromo */ = {
			isa = PBXGroup;
			children = (
				885B25742A912960007D3A54 /* LoginPromoView.swift */,
			);
			path = LoginPromo;
			sourceTree = "<group>";
		};
		8883659C2AACB21500B835C5 /* Home */ = {
			isa = PBXGroup;
			children = (
				8883659D2AACB21C00B835C5 /* Views */,
			);
			path = Home;
			sourceTree = "<group>";
		};
		8883659D2AACB21C00B835C5 /* Views */ = {
			isa = PBXGroup;
			children = (
				8883659E2AACB23000B835C5 /* HomeView.swift */,
			);
			path = Views;
			sourceTree = "<group>";
		};
/* End PBXGroup section */

/* Begin PBXNativeTarget section */
		885B25482A910838007D3A54 /* Trashify */ = {
			isa = PBXNativeTarget;
			buildConfigurationList = 885B25572A910838007D3A54 /* Build configuration list for PBXNativeTarget "Trashify" */;
			buildPhases = (
				885B25452A910838007D3A54 /* Sources */,
				885B25462A910838007D3A54 /* Frameworks */,
				885B25472A910838007D3A54 /* Resources */,
			);
			buildRules = (
			);
			dependencies = (
			);
			name = Trashify;
			productName = Trashify;
			productReference = 885B25492A910838007D3A54 /* Trashify.app */;
			productType = "com.apple.product-type.application";
		};
/* End PBXNativeTarget section */

/* Begin PBXProject section */
		885B25412A910838007D3A54 /* Project object */ = {
			isa = PBXProject;
			attributes = {
				BuildIndependentTargetsInParallel = 1;
				LastSwiftUpdateCheck = 1430;
				LastUpgradeCheck = 1430;
				TargetAttributes = {
					885B25482A910838007D3A54 = {
						CreatedOnToolsVersion = 14.3.1;
					};
				};
			};
			buildConfigurationList = 885B25442A910838007D3A54 /* Build configuration list for PBXProject "Trashify" */;
			compatibilityVersion = "Xcode 14.0";
			developmentRegion = en;
			hasScannedForEncodings = 0;
			knownRegions = (
				en,
				Base,
			);
			mainGroup = 885B25402A910838007D3A54;
			productRefGroup = 885B254A2A910838007D3A54 /* Products */;
			projectDirPath = "";
			projectRoot = "";
			targets = (
				885B25482A910838007D3A54 /* Trashify */,
			);
		};
/* End PBXProject section */

/* Begin PBXResourcesBuildPhase section */
		885B25472A910838007D3A54 /* Resources */ = {
			isa = PBXResourcesBuildPhase;
			buildActionMask = 2147483647;
			files = (
				885B25542A910838007D3A54 /* Preview Assets.xcassets in Resources */,
				885B25512A910838007D3A54 /* Assets.xcassets in Resources */,
			);
			runOnlyForDeploymentPostprocessing = 0;
		};
/* End PBXResourcesBuildPhase section */

/* Begin PBXSourcesBuildPhase section */
		885B25452A910838007D3A54 /* Sources */ = {
			isa = PBXSourcesBuildPhase;
			buildActionMask = 2147483647;
			files = (
				885B25662A910D44007D3A54 /* LoginViewModel.swift in Sources */,
				885B25622A910C21007D3A54 /* LoginView.swift in Sources */,
				885B25752A912960007D3A54 /* LoginPromoView.swift in Sources */,
				883145952AB4DAAC00F6A15B /* PersonTabView.swift in Sources */,
				885B256D2A911C58007D3A54 /* RegisterViewModel.swift in Sources */,
				885B254F2A910838007D3A54 /* ContentView.swift in Sources */,
				8883659F2AACB23000B835C5 /* HomeView.swift in Sources */,
				885B256B2A911133007D3A54 /* AuthenticationService.swift in Sources */,
				885B256F2A911C84007D3A54 /* RegisterView.swift in Sources */,
				883145992AB4E56900F6A15B /* ContentAfterLoggedInView.swift in Sources */,
				8832A4042AAC9E0000FC348C /* BottomNavigationView.swift in Sources */,
				885B25692A9110F9007D3A54 /* KeychainHelper.swift in Sources */,
				885B254D2A910838007D3A54 /* TrashifyApp.swift in Sources */,
			);
			runOnlyForDeploymentPostprocessing = 0;
		};
/* End PBXSourcesBuildPhase section */

/* Begin XCBuildConfiguration section */
		885B25552A910838007D3A54 /* Debug */ = {
			isa = XCBuildConfiguration;
			buildSettings = {
				ALWAYS_SEARCH_USER_PATHS = NO;
				CLANG_ANALYZER_NONNULL = YES;
				CLANG_ANALYZER_NUMBER_OBJECT_CONVERSION = YES_AGGRESSIVE;
				CLANG_CXX_LANGUAGE_STANDARD = "gnu++20";
				CLANG_ENABLE_MODULES = YES;
				CLANG_ENABLE_OBJC_ARC = YES;
				CLANG_ENABLE_OBJC_WEAK = YES;
				CLANG_WARN_BLOCK_CAPTURE_AUTORELEASING = YES;
				CLANG_WARN_BOOL_CONVERSION = YES;
				CLANG_WARN_COMMA = YES;
				CLANG_WARN_CONSTANT_CONVERSION = YES;
				CLANG_WARN_DEPRECATED_OBJC_IMPLEMENTATIONS = YES;
				CLANG_WARN_DIRECT_OBJC_ISA_USAGE = YES_ERROR;
				CLANG_WARN_DOCUMENTATION_COMMENTS = YES;
				CLANG_WARN_EMPTY_BODY = YES;
				CLANG_WARN_ENUM_CONVERSION = YES;
				CLANG_WARN_INFINITE_RECURSION = YES;
				CLANG_WARN_INT_CONVERSION = YES;
				CLANG_WARN_NON_LITERAL_NULL_CONVERSION = YES;
				CLANG_WARN_OBJC_IMPLICIT_RETAIN_SELF = YES;
				CLANG_WARN_OBJC_LITERAL_CONVERSION = YES;
				CLANG_WARN_OBJC_ROOT_CLASS = YES_ERROR;
				CLANG_WARN_QUOTED_INCLUDE_IN_FRAMEWORK_HEADER = YES;
				CLANG_WARN_RANGE_LOOP_ANALYSIS = YES;
				CLANG_WARN_STRICT_PROTOTYPES = YES;
				CLANG_WARN_SUSPICIOUS_MOVE = YES;
				CLANG_WARN_UNGUARDED_AVAILABILITY = YES_AGGRESSIVE;
				CLANG_WARN_UNREACHABLE_CODE = YES;
				CLANG_WARN__DUPLICATE_METHOD_MATCH = YES;
				COPY_PHASE_STRIP = NO;
				DEBUG_INFORMATION_FORMAT = dwarf;
				ENABLE_STRICT_OBJC_MSGSEND = YES;
				ENABLE_TESTABILITY = YES;
				GCC_C_LANGUAGE_STANDARD = gnu11;
				GCC_DYNAMIC_NO_PIC = NO;
				GCC_NO_COMMON_BLOCKS = YES;
				GCC_OPTIMIZATION_LEVEL = 0;
				GCC_PREPROCESSOR_DEFINITIONS = (
					"DEBUG=1",
					"$(inherited)",
				);
				GCC_WARN_64_TO_32_BIT_CONVERSION = YES;
				GCC_WARN_ABOUT_RETURN_TYPE = YES_ERROR;
				GCC_WARN_UNDECLARED_SELECTOR = YES;
				GCC_WARN_UNINITIALIZED_AUTOS = YES_AGGRESSIVE;
				GCC_WARN_UNUSED_FUNCTION = YES;
				GCC_WARN_UNUSED_VARIABLE = YES;
				IPHONEOS_DEPLOYMENT_TARGET = 16.4;
				MTL_ENABLE_DEBUG_INFO = INCLUDE_SOURCE;
				MTL_FAST_MATH = YES;
				ONLY_ACTIVE_ARCH = YES;
				SDKROOT = iphoneos;
				SWIFT_ACTIVE_COMPILATION_CONDITIONS = DEBUG;
				SWIFT_OPTIMIZATION_LEVEL = "-Onone";
			};
			name = Debug;
		};
		885B25562A910838007D3A54 /* Release */ = {
			isa = XCBuildConfiguration;
			buildSettings = {
				ALWAYS_SEARCH_USER_PATHS = NO;
				CLANG_ANALYZER_NONNULL = YES;
				CLANG_ANALYZER_NUMBER_OBJECT_CONVERSION = YES_AGGRESSIVE;
				CLANG_CXX_LANGUAGE_STANDARD = "gnu++20";
				CLANG_ENABLE_MODULES = YES;
				CLANG_ENABLE_OBJC_ARC = YES;
				CLANG_ENABLE_OBJC_WEAK = YES;
				CLANG_WARN_BLOCK_CAPTURE_AUTORELEASING = YES;
				CLANG_WARN_BOOL_CONVERSION = YES;
				CLANG_WARN_COMMA = YES;
				CLANG_WARN_CONSTANT_CONVERSION = YES;
				CLANG_WARN_DEPRECATED_OBJC_IMPLEMENTATIONS = YES;
				CLANG_WARN_DIRECT_OBJC_ISA_USAGE = YES_ERROR;
				CLANG_WARN_DOCUMENTATION_COMMENTS = YES;
				CLANG_WARN_EMPTY_BODY = YES;
				CLANG_WARN_ENUM_CONVERSION = YES;
				CLANG_WARN_INFINITE_RECURSION = YES;
				CLANG_WARN_INT_CONVERSION = YES;
				CLANG_WARN_NON_LITERAL_NULL_CONVERSION = YES;
				CLANG_WARN_OBJC_IMPLICIT_RETAIN_SELF = YES;
				CLANG_WARN_OBJC_LITERAL_CONVERSION = YES;
				CLANG_WARN_OBJC_ROOT_CLASS = YES_ERROR;
				CLANG_WARN_QUOTED_INCLUDE_IN_FRAMEWORK_HEADER = YES;
				CLANG_WARN_RANGE_LOOP_ANALYSIS = YES;
				CLANG_WARN_STRICT_PROTOTYPES = YES;
				CLANG_WARN_SUSPICIOUS_MOVE = YES;
				CLANG_WARN_UNGUARDED_AVAILABILITY = YES_AGGRESSIVE;
				CLANG_WARN_UNREACHABLE_CODE = YES;
				CLANG_WARN__DUPLICATE_METHOD_MATCH = YES;
				COPY_PHASE_STRIP = NO;
				DEBUG_INFORMATION_FORMAT = "dwarf-with-dsym";
				ENABLE_NS_ASSERTIONS = NO;
				ENABLE_STRICT_OBJC_MSGSEND = YES;
				GCC_C_LANGUAGE_STANDARD = gnu11;
				GCC_NO_COMMON_BLOCKS = YES;
				GCC_WARN_64_TO_32_BIT_CONVERSION = YES;
				GCC_WARN_ABOUT_RETURN_TYPE = YES_ERROR;
				GCC_WARN_UNDECLARED_SELECTOR = YES;
				GCC_WARN_UNINITIALIZED_AUTOS = YES_AGGRESSIVE;
				GCC_WARN_UNUSED_FUNCTION = YES;
				GCC_WARN_UNUSED_VARIABLE = YES;
				IPHONEOS_DEPLOYMENT_TARGET = 16.4;
				MTL_ENABLE_DEBUG_INFO = NO;
				MTL_FAST_MATH = YES;
				SDKROOT = iphoneos;
				SWIFT_COMPILATION_MODE = wholemodule;
				SWIFT_OPTIMIZATION_LEVEL = "-O";
				VALIDATE_PRODUCT = YES;
			};
			name = Release;
		};
		885B25582A910838007D3A54 /* Debug */ = {
			isa = XCBuildConfiguration;
			buildSettings = {
				ASSETCATALOG_COMPILER_APPICON_NAME = AppIcon;
				ASSETCATALOG_COMPILER_GLOBAL_ACCENT_COLOR_NAME = AccentColor;
				CODE_SIGN_STYLE = Automatic;
				CURRENT_PROJECT_VERSION = 1;
				DEVELOPMENT_ASSET_PATHS = "\"Trashify/Preview Content\"";
				DEVELOPMENT_TEAM = 6K3N9379CW;
				ENABLE_PREVIEWS = YES;
				GENERATE_INFOPLIST_FILE = YES;
				INFOPLIST_KEY_UIApplicationSceneManifest_Generation = YES;
				INFOPLIST_KEY_UIApplicationSupportsIndirectInputEvents = YES;
				INFOPLIST_KEY_UILaunchScreen_Generation = YES;
				INFOPLIST_KEY_UISupportedInterfaceOrientations_iPad = "UIInterfaceOrientationPortrait UIInterfaceOrientationPortraitUpsideDown UIInterfaceOrientationLandscapeLeft UIInterfaceOrientationLandscapeRight";
				INFOPLIST_KEY_UISupportedInterfaceOrientations_iPhone = "UIInterfaceOrientationPortrait UIInterfaceOrientationLandscapeLeft UIInterfaceOrientationLandscapeRight";
				LD_RUNPATH_SEARCH_PATHS = (
					"$(inherited)",
					"@executable_path/Frameworks",
				);
				MARKETING_VERSION = 1.0;
				PRODUCT_BUNDLE_IDENTIFIER = com.trashify.Trashify;
				PRODUCT_NAME = "$(TARGET_NAME)";
				SWIFT_EMIT_LOC_STRINGS = YES;
				SWIFT_VERSION = 5.0;
				TARGETED_DEVICE_FAMILY = "1,2";
			};
			name = Debug;
		};
		885B25592A910838007D3A54 /* Release */ = {
			isa = XCBuildConfiguration;
			buildSettings = {
				ASSETCATALOG_COMPILER_APPICON_NAME = AppIcon;
				ASSETCATALOG_COMPILER_GLOBAL_ACCENT_COLOR_NAME = AccentColor;
				CODE_SIGN_STYLE = Automatic;
				CURRENT_PROJECT_VERSION = 1;
				DEVELOPMENT_ASSET_PATHS = "\"Trashify/Preview Content\"";
				DEVELOPMENT_TEAM = 6K3N9379CW;
				ENABLE_PREVIEWS = YES;
				GENERATE_INFOPLIST_FILE = YES;
				INFOPLIST_KEY_UIApplicationSceneManifest_Generation = YES;
				INFOPLIST_KEY_UIApplicationSupportsIndirectInputEvents = YES;
				INFOPLIST_KEY_UILaunchScreen_Generation = YES;
				INFOPLIST_KEY_UISupportedInterfaceOrientations_iPad = "UIInterfaceOrientationPortrait UIInterfaceOrientationPortraitUpsideDown UIInterfaceOrientationLandscapeLeft UIInterfaceOrientationLandscapeRight";
				INFOPLIST_KEY_UISupportedInterfaceOrientations_iPhone = "UIInterfaceOrientationPortrait UIInterfaceOrientationLandscapeLeft UIInterfaceOrientationLandscapeRight";
				LD_RUNPATH_SEARCH_PATHS = (
					"$(inherited)",
					"@executable_path/Frameworks",
				);
				MARKETING_VERSION = 1.0;
				PRODUCT_BUNDLE_IDENTIFIER = com.trashify.Trashify;
				PRODUCT_NAME = "$(TARGET_NAME)";
				SWIFT_EMIT_LOC_STRINGS = YES;
				SWIFT_VERSION = 5.0;
				TARGETED_DEVICE_FAMILY = "1,2";
			};
			name = Release;
		};
/* End XCBuildConfiguration section */

/* Begin XCConfigurationList section */
		885B25442A910838007D3A54 /* Build configuration list for PBXProject "Trashify" */ = {
			isa = XCConfigurationList;
			buildConfigurations = (
				885B25552A910838007D3A54 /* Debug */,
				885B25562A910838007D3A54 /* Release */,
			);
			defaultConfigurationIsVisible = 0;
			defaultConfigurationName = Release;
		};
		885B25572A910838007D3A54 /* Build configuration list for PBXNativeTarget "Trashify" */ = {
			isa = XCConfigurationList;
			buildConfigurations = (
				885B25582A910838007D3A54 /* Debug */,
				885B25592A910838007D3A54 /* Release */,
			);
			defaultConfigurationIsVisible = 0;
			defaultConfigurationName = Release;
		};
/* End XCConfigurationList section */
	};
	rootObject = 885B25412A910838007D3A54 /* Project object */;
}
